// !$*UTF8*$!
{
	archiveVersion = 1;
	classes = {
	};
	objectVersion = 51;
	objects = {

/* Begin PBXBuildFile section */
		0EE81A7F66286D96640A53E4 /* Pods_QuizAppTests.framework in Frameworks */ = {isa = PBXBuildFile; fileRef = F739A2D07D97DF824852B897 /* Pods_QuizAppTests.framework */; };
		5E358F1A11608AE3ACEF3C7F /* Pods_QuizApp_QuizAppUITests.framework in Frameworks */ = {isa = PBXBuildFile; fileRef = BBDCB5D66E0636BD81056AD7 /* Pods_QuizApp_QuizAppUITests.framework */; };
		6B2BF9B7E1BC230533BE6465 /* Pods_QuizApp.framework in Frameworks */ = {isa = PBXBuildFile; fileRef = 0FAA21AEAAD22481C685B35C /* Pods_QuizApp.framework */; };
		C21C50322658484700899066 /* GoogleService-Info.plist in Resources */ = {isa = PBXBuildFile; fileRef = C21C50312658484700899066 /* GoogleService-Info.plist */; };
		C21C50512658748D00899066 /* DatabaseManager.swift in Sources */ = {isa = PBXBuildFile; fileRef = C21C50502658748D00899066 /* DatabaseManager.swift */; };
		C21C50592658792D00899066 /* User.swift in Sources */ = {isa = PBXBuildFile; fileRef = C21C50582658792D00899066 /* User.swift */; };
		C26E6490265740DE001925FD /* AppDelegate.swift in Sources */ = {isa = PBXBuildFile; fileRef = C26E648F265740DE001925FD /* AppDelegate.swift */; };
		C26E6492265740DE001925FD /* SceneDelegate.swift in Sources */ = {isa = PBXBuildFile; fileRef = C26E6491265740DE001925FD /* SceneDelegate.swift */; };
		C26E6494265740DE001925FD /* QuizzesVC.swift in Sources */ = {isa = PBXBuildFile; fileRef = C26E6493265740DE001925FD /* QuizzesVC.swift */; };
		C26E6497265740DE001925FD /* Main.storyboard in Resources */ = {isa = PBXBuildFile; fileRef = C26E6495265740DE001925FD /* Main.storyboard */; };
		C26E649A265740DE001925FD /* QuizApp.xcdatamodeld in Sources */ = {isa = PBXBuildFile; fileRef = C26E6498265740DE001925FD /* QuizApp.xcdatamodeld */; };
		C26E649C265740E2001925FD /* Assets.xcassets in Resources */ = {isa = PBXBuildFile; fileRef = C26E649B265740E2001925FD /* Assets.xcassets */; };
		C26E649F265740E2001925FD /* LaunchScreen.storyboard in Resources */ = {isa = PBXBuildFile; fileRef = C26E649D265740E2001925FD /* LaunchScreen.storyboard */; };
		C26E64AA265740E2001925FD /* QuizAppTests.swift in Sources */ = {isa = PBXBuildFile; fileRef = C26E64A9265740E2001925FD /* QuizAppTests.swift */; };
		C26E64B5265740E2001925FD /* QuizAppUITests.swift in Sources */ = {isa = PBXBuildFile; fileRef = C26E64B4265740E2001925FD /* QuizAppUITests.swift */; };
		C26E64C626574683001925FD /* Quizzes.swift in Sources */ = {isa = PBXBuildFile; fileRef = C26E64C526574683001925FD /* Quizzes.swift */; };
		C26E64CF26574D90001925FD /* QuizManager.swift in Sources */ = {isa = PBXBuildFile; fileRef = C26E64CE26574D90001925FD /* QuizManager.swift */; };
		C26E64E826574FD1001925FD /* MenuVC.swift in Sources */ = {isa = PBXBuildFile; fileRef = C26E64E726574FD0001925FD /* MenuVC.swift */; };
		C26E64ED26574FE6001925FD /* ChatVC.swift in Sources */ = {isa = PBXBuildFile; fileRef = C26E64EC26574FE6001925FD /* ChatVC.swift */; };
		C26E6503265753EC001925FD /* KoHo-Light.ttf in Resources */ = {isa = PBXBuildFile; fileRef = C26E64FE265753EB001925FD /* KoHo-Light.ttf */; };
		C26E6504265753EC001925FD /* KoHo-LightItalic.ttf in Resources */ = {isa = PBXBuildFile; fileRef = C26E64FF265753EB001925FD /* KoHo-LightItalic.ttf */; };
		C26E6505265753EC001925FD /* KoHo-ExtraLightItalic.ttf in Resources */ = {isa = PBXBuildFile; fileRef = C26E6500265753EB001925FD /* KoHo-ExtraLightItalic.ttf */; };
		C26E6506265753EC001925FD /* KoHo-ExtraLight.ttf in Resources */ = {isa = PBXBuildFile; fileRef = C26E6501265753EB001925FD /* KoHo-ExtraLight.ttf */; };
		C26E6507265753EC001925FD /* KoHo-Italic.ttf in Resources */ = {isa = PBXBuildFile; fileRef = C26E6502265753EC001925FD /* KoHo-Italic.ttf */; };
		C26E650C265753F5001925FD /* KoHo-Regular.ttf in Resources */ = {isa = PBXBuildFile; fileRef = C26E650B265753F5001925FD /* KoHo-Regular.ttf */; };
		C2A8391926580541006712C2 /* LoginVC.swift in Sources */ = {isa = PBXBuildFile; fileRef = C2A8391826580541006712C2 /* LoginVC.swift */; };
		C2A8392426580561006712C2 /* RegisterVC.swift in Sources */ = {isa = PBXBuildFile; fileRef = C2A8392326580561006712C2 /* RegisterVC.swift */; };
		C2A839292658058C006712C2 /* PhotoViewerVC.swift in Sources */ = {isa = PBXBuildFile; fileRef = C2A839282658058C006712C2 /* PhotoViewerVC.swift */; };
		C2A83934265805AA006712C2 /* VideoPlayerVC.swift in Sources */ = {isa = PBXBuildFile; fileRef = C2A83933265805AA006712C2 /* VideoPlayerVC.swift */; };
		C2A8393F265805F7006712C2 /* ProfileVC.swift in Sources */ = {isa = PBXBuildFile; fileRef = C2A8393E265805F7006712C2 /* ProfileVC.swift */; };
		C2A8394426580614006712C2 /* GameOverVC.swift in Sources */ = {isa = PBXBuildFile; fileRef = C2A8394326580614006712C2 /* GameOverVC.swift */; };
		C2A8394D26581665006712C2 /* Extensions.swift in Sources */ = {isa = PBXBuildFile; fileRef = C2A8394C26581665006712C2 /* Extensions.swift */; };
/* End PBXBuildFile section */

/* Begin PBXContainerItemProxy section */
		C26E64A6265740E2001925FD /* PBXContainerItemProxy */ = {
			isa = PBXContainerItemProxy;
			containerPortal = C26E6484265740DD001925FD /* Project object */;
			proxyType = 1;
			remoteGlobalIDString = C26E648B265740DE001925FD;
			remoteInfo = QuizApp;
		};
		C26E64B1265740E2001925FD /* PBXContainerItemProxy */ = {
			isa = PBXContainerItemProxy;
			containerPortal = C26E6484265740DD001925FD /* Project object */;
			proxyType = 1;
			remoteGlobalIDString = C26E648B265740DE001925FD;
			remoteInfo = QuizApp;
		};
/* End PBXContainerItemProxy section */

/* Begin PBXFileReference section */
		03ACA0B31F566F75A69AEFC8 /* Pods-QuizApp.debug.xcconfig */ = {isa = PBXFileReference; includeInIndex = 1; lastKnownFileType = text.xcconfig; name = "Pods-QuizApp.debug.xcconfig"; path = "Target Support Files/Pods-QuizApp/Pods-QuizApp.debug.xcconfig"; sourceTree = "<group>"; };
		0FAA21AEAAD22481C685B35C /* Pods_QuizApp.framework */ = {isa = PBXFileReference; explicitFileType = wrapper.framework; includeInIndex = 0; path = Pods_QuizApp.framework; sourceTree = BUILT_PRODUCTS_DIR; };
		285295BD4AB92671F2F3D2A0 /* Pods-QuizApp.release.xcconfig */ = {isa = PBXFileReference; includeInIndex = 1; lastKnownFileType = text.xcconfig; name = "Pods-QuizApp.release.xcconfig"; path = "Target Support Files/Pods-QuizApp/Pods-QuizApp.release.xcconfig"; sourceTree = "<group>"; };
		8A18AD3AEDC2718476D6DF15 /* Pods-QuizAppTests.debug.xcconfig */ = {isa = PBXFileReference; includeInIndex = 1; lastKnownFileType = text.xcconfig; name = "Pods-QuizAppTests.debug.xcconfig"; path = "Target Support Files/Pods-QuizAppTests/Pods-QuizAppTests.debug.xcconfig"; sourceTree = "<group>"; };
		952E4BEB63E17F03B726E65E /* Pods-QuizApp-QuizAppUITests.release.xcconfig */ = {isa = PBXFileReference; includeInIndex = 1; lastKnownFileType = text.xcconfig; name = "Pods-QuizApp-QuizAppUITests.release.xcconfig"; path = "Target Support Files/Pods-QuizApp-QuizAppUITests/Pods-QuizApp-QuizAppUITests.release.xcconfig"; sourceTree = "<group>"; };
		B7A06EE13C32E7E87BE3D1CE /* Pods-QuizAppTests.release.xcconfig */ = {isa = PBXFileReference; includeInIndex = 1; lastKnownFileType = text.xcconfig; name = "Pods-QuizAppTests.release.xcconfig"; path = "Target Support Files/Pods-QuizAppTests/Pods-QuizAppTests.release.xcconfig"; sourceTree = "<group>"; };
		BBDCB5D66E0636BD81056AD7 /* Pods_QuizApp_QuizAppUITests.framework */ = {isa = PBXFileReference; explicitFileType = wrapper.framework; includeInIndex = 0; path = Pods_QuizApp_QuizAppUITests.framework; sourceTree = BUILT_PRODUCTS_DIR; };
		C21C50312658484700899066 /* GoogleService-Info.plist */ = {isa = PBXFileReference; fileEncoding = 4; lastKnownFileType = text.plist.xml; path = "GoogleService-Info.plist"; sourceTree = "<group>"; };
		C21C50502658748D00899066 /* DatabaseManager.swift */ = {isa = PBXFileReference; lastKnownFileType = sourcecode.swift; path = DatabaseManager.swift; sourceTree = "<group>"; };
		C21C50582658792D00899066 /* User.swift */ = {isa = PBXFileReference; lastKnownFileType = sourcecode.swift; path = User.swift; sourceTree = "<group>"; };
		C26E648C265740DE001925FD /* QuizApp.app */ = {isa = PBXFileReference; explicitFileType = wrapper.application; includeInIndex = 0; path = QuizApp.app; sourceTree = BUILT_PRODUCTS_DIR; };
		C26E648F265740DE001925FD /* AppDelegate.swift */ = {isa = PBXFileReference; lastKnownFileType = sourcecode.swift; path = AppDelegate.swift; sourceTree = "<group>"; };
		C26E6491265740DE001925FD /* SceneDelegate.swift */ = {isa = PBXFileReference; lastKnownFileType = sourcecode.swift; path = SceneDelegate.swift; sourceTree = "<group>"; };
		C26E6493265740DE001925FD /* QuizzesVC.swift */ = {isa = PBXFileReference; lastKnownFileType = sourcecode.swift; path = QuizzesVC.swift; sourceTree = "<group>"; };
		C26E6496265740DE001925FD /* Base */ = {isa = PBXFileReference; lastKnownFileType = file.storyboard; name = Base; path = Base.lproj/Main.storyboard; sourceTree = "<group>"; };
		C26E6499265740DE001925FD /* QuizApp.xcdatamodel */ = {isa = PBXFileReference; lastKnownFileType = wrapper.xcdatamodel; path = QuizApp.xcdatamodel; sourceTree = "<group>"; };
		C26E649B265740E2001925FD /* Assets.xcassets */ = {isa = PBXFileReference; lastKnownFileType = folder.assetcatalog; path = Assets.xcassets; sourceTree = "<group>"; };
		C26E649E265740E2001925FD /* Base */ = {isa = PBXFileReference; lastKnownFileType = file.storyboard; name = Base; path = Base.lproj/LaunchScreen.storyboard; sourceTree = "<group>"; };
		C26E64A0265740E2001925FD /* Info.plist */ = {isa = PBXFileReference; lastKnownFileType = text.plist.xml; path = Info.plist; sourceTree = "<group>"; };
		C26E64A5265740E2001925FD /* QuizAppTests.xctest */ = {isa = PBXFileReference; explicitFileType = wrapper.cfbundle; includeInIndex = 0; path = QuizAppTests.xctest; sourceTree = BUILT_PRODUCTS_DIR; };
		C26E64A9265740E2001925FD /* QuizAppTests.swift */ = {isa = PBXFileReference; lastKnownFileType = sourcecode.swift; path = QuizAppTests.swift; sourceTree = "<group>"; };
		C26E64AB265740E2001925FD /* Info.plist */ = {isa = PBXFileReference; lastKnownFileType = text.plist.xml; path = Info.plist; sourceTree = "<group>"; };
		C26E64B0265740E2001925FD /* QuizAppUITests.xctest */ = {isa = PBXFileReference; explicitFileType = wrapper.cfbundle; includeInIndex = 0; path = QuizAppUITests.xctest; sourceTree = BUILT_PRODUCTS_DIR; };
		C26E64B4265740E2001925FD /* QuizAppUITests.swift */ = {isa = PBXFileReference; lastKnownFileType = sourcecode.swift; path = QuizAppUITests.swift; sourceTree = "<group>"; };
		C26E64B6265740E2001925FD /* Info.plist */ = {isa = PBXFileReference; lastKnownFileType = text.plist.xml; path = Info.plist; sourceTree = "<group>"; };
		C26E64C526574683001925FD /* Quizzes.swift */ = {isa = PBXFileReference; lastKnownFileType = sourcecode.swift; path = Quizzes.swift; sourceTree = "<group>"; };
		C26E64CE26574D90001925FD /* QuizManager.swift */ = {isa = PBXFileReference; lastKnownFileType = sourcecode.swift; path = QuizManager.swift; sourceTree = "<group>"; };
		C26E64E726574FD0001925FD /* MenuVC.swift */ = {isa = PBXFileReference; lastKnownFileType = sourcecode.swift; path = MenuVC.swift; sourceTree = "<group>"; };
		C26E64EC26574FE6001925FD /* ChatVC.swift */ = {isa = PBXFileReference; lastKnownFileType = sourcecode.swift; path = ChatVC.swift; sourceTree = "<group>"; };
		C26E64FE265753EB001925FD /* KoHo-Light.ttf */ = {isa = PBXFileReference; lastKnownFileType = file; path = "KoHo-Light.ttf"; sourceTree = "<group>"; };
		C26E64FF265753EB001925FD /* KoHo-LightItalic.ttf */ = {isa = PBXFileReference; lastKnownFileType = file; path = "KoHo-LightItalic.ttf"; sourceTree = "<group>"; };
		C26E6500265753EB001925FD /* KoHo-ExtraLightItalic.ttf */ = {isa = PBXFileReference; lastKnownFileType = file; path = "KoHo-ExtraLightItalic.ttf"; sourceTree = "<group>"; };
		C26E6501265753EB001925FD /* KoHo-ExtraLight.ttf */ = {isa = PBXFileReference; lastKnownFileType = file; path = "KoHo-ExtraLight.ttf"; sourceTree = "<group>"; };
		C26E6502265753EC001925FD /* KoHo-Italic.ttf */ = {isa = PBXFileReference; lastKnownFileType = file; path = "KoHo-Italic.ttf"; sourceTree = "<group>"; };
		C26E650B265753F5001925FD /* KoHo-Regular.ttf */ = {isa = PBXFileReference; lastKnownFileType = file; path = "KoHo-Regular.ttf"; sourceTree = "<group>"; };
		C2A8391826580541006712C2 /* LoginVC.swift */ = {isa = PBXFileReference; lastKnownFileType = sourcecode.swift; path = LoginVC.swift; sourceTree = "<group>"; };
		C2A8392326580561006712C2 /* RegisterVC.swift */ = {isa = PBXFileReference; lastKnownFileType = sourcecode.swift; path = RegisterVC.swift; sourceTree = "<group>"; };
		C2A839282658058C006712C2 /* PhotoViewerVC.swift */ = {isa = PBXFileReference; lastKnownFileType = sourcecode.swift; path = PhotoViewerVC.swift; sourceTree = "<group>"; };
		C2A83933265805AA006712C2 /* VideoPlayerVC.swift */ = {isa = PBXFileReference; lastKnownFileType = sourcecode.swift; path = VideoPlayerVC.swift; sourceTree = "<group>"; };
		C2A8393E265805F7006712C2 /* ProfileVC.swift */ = {isa = PBXFileReference; lastKnownFileType = sourcecode.swift; path = ProfileVC.swift; sourceTree = "<group>"; };
		C2A8394326580614006712C2 /* GameOverVC.swift */ = {isa = PBXFileReference; lastKnownFileType = sourcecode.swift; path = GameOverVC.swift; sourceTree = "<group>"; };
		C2A8394C26581665006712C2 /* Extensions.swift */ = {isa = PBXFileReference; lastKnownFileType = sourcecode.swift; path = Extensions.swift; sourceTree = "<group>"; };
		E1D8D66B0F45DCBC9BA735E4 /* Pods-QuizApp-QuizAppUITests.debug.xcconfig */ = {isa = PBXFileReference; includeInIndex = 1; lastKnownFileType = text.xcconfig; name = "Pods-QuizApp-QuizAppUITests.debug.xcconfig"; path = "Target Support Files/Pods-QuizApp-QuizAppUITests/Pods-QuizApp-QuizAppUITests.debug.xcconfig"; sourceTree = "<group>"; };
		F739A2D07D97DF824852B897 /* Pods_QuizAppTests.framework */ = {isa = PBXFileReference; explicitFileType = wrapper.framework; includeInIndex = 0; path = Pods_QuizAppTests.framework; sourceTree = BUILT_PRODUCTS_DIR; };
/* End PBXFileReference section */

/* Begin PBXFrameworksBuildPhase section */
		C26E6489265740DE001925FD /* Frameworks */ = {
			isa = PBXFrameworksBuildPhase;
			buildActionMask = 2147483647;
			files = (
				6B2BF9B7E1BC230533BE6465 /* Pods_QuizApp.framework in Frameworks */,
			);
			runOnlyForDeploymentPostprocessing = 0;
		};
		C26E64A2265740E2001925FD /* Frameworks */ = {
			isa = PBXFrameworksBuildPhase;
			buildActionMask = 2147483647;
			files = (
				0EE81A7F66286D96640A53E4 /* Pods_QuizAppTests.framework in Frameworks */,
			);
			runOnlyForDeploymentPostprocessing = 0;
		};
		C26E64AD265740E2001925FD /* Frameworks */ = {
			isa = PBXFrameworksBuildPhase;
			buildActionMask = 2147483647;
			files = (
				5E358F1A11608AE3ACEF3C7F /* Pods_QuizApp_QuizAppUITests.framework in Frameworks */,
			);
			runOnlyForDeploymentPostprocessing = 0;
		};
/* End PBXFrameworksBuildPhase section */

/* Begin PBXGroup section */
		899102ABE4B137C9CA2415EB /* Pods */ = {
			isa = PBXGroup;
			children = (
				03ACA0B31F566F75A69AEFC8 /* Pods-QuizApp.debug.xcconfig */,
				285295BD4AB92671F2F3D2A0 /* Pods-QuizApp.release.xcconfig */,
				E1D8D66B0F45DCBC9BA735E4 /* Pods-QuizApp-QuizAppUITests.debug.xcconfig */,
				952E4BEB63E17F03B726E65E /* Pods-QuizApp-QuizAppUITests.release.xcconfig */,
				8A18AD3AEDC2718476D6DF15 /* Pods-QuizAppTests.debug.xcconfig */,
				B7A06EE13C32E7E87BE3D1CE /* Pods-QuizAppTests.release.xcconfig */,
			);
			path = Pods;
			sourceTree = "<group>";
		};
		A86919CEDBCD2F2A240D0D3C /* Frameworks */ = {
			isa = PBXGroup;
			children = (
				0FAA21AEAAD22481C685B35C /* Pods_QuizApp.framework */,
				BBDCB5D66E0636BD81056AD7 /* Pods_QuizApp_QuizAppUITests.framework */,
				F739A2D07D97DF824852B897 /* Pods_QuizAppTests.framework */,
			);
			name = Frameworks;
			sourceTree = "<group>";
		};
		C26E6483265740DD001925FD = {
			isa = PBXGroup;
			children = (
				C26E648E265740DE001925FD /* QuizApp */,
				C26E64A8265740E2001925FD /* QuizAppTests */,
				C26E64B3265740E2001925FD /* QuizAppUITests */,
				C26E648D265740DE001925FD /* Products */,
				899102ABE4B137C9CA2415EB /* Pods */,
				A86919CEDBCD2F2A240D0D3C /* Frameworks */,
			);
			sourceTree = "<group>";
		};
		C26E648D265740DE001925FD /* Products */ = {
			isa = PBXGroup;
			children = (
				C26E648C265740DE001925FD /* QuizApp.app */,
				C26E64A5265740E2001925FD /* QuizAppTests.xctest */,
				C26E64B0265740E2001925FD /* QuizAppUITests.xctest */,
			);
			name = Products;
			sourceTree = "<group>";
		};
		C26E648E265740DE001925FD /* QuizApp */ = {
			isa = PBXGroup;
			children = (
				C26E651F26577087001925FD /* Resources */,
				C26E65232657709B001925FD /* Controllers */,
				C26E6527265770AB001925FD /* Models */,
				C26E6528265770B6001925FD /* Views */,
				C26E64CD265749CD001925FD /* Fonts */,
				C26E649B265740E2001925FD /* Assets.xcassets */,
				C26E64A0265740E2001925FD /* Info.plist */,
				C21C50312658484700899066 /* GoogleService-Info.plist */,
				C26E6498265740DE001925FD /* QuizApp.xcdatamodeld */,
			);
			path = QuizApp;
			sourceTree = "<group>";
		};
		C26E64A8265740E2001925FD /* QuizAppTests */ = {
			isa = PBXGroup;
			children = (
				C26E64A9265740E2001925FD /* QuizAppTests.swift */,
				C26E64AB265740E2001925FD /* Info.plist */,
			);
			path = QuizAppTests;
			sourceTree = "<group>";
		};
		C26E64B3265740E2001925FD /* QuizAppUITests */ = {
			isa = PBXGroup;
			children = (
				C26E64B4265740E2001925FD /* QuizAppUITests.swift */,
				C26E64B6265740E2001925FD /* Info.plist */,
			);
			path = QuizAppUITests;
			sourceTree = "<group>";
		};
		C26E64CD265749CD001925FD /* Fonts */ = {
			isa = PBXGroup;
			children = (
				C26E6501265753EB001925FD /* KoHo-ExtraLight.ttf */,
				C26E6500265753EB001925FD /* KoHo-ExtraLightItalic.ttf */,
				C26E650B265753F5001925FD /* KoHo-Regular.ttf */,
				C26E6502265753EC001925FD /* KoHo-Italic.ttf */,
				C26E64FE265753EB001925FD /* KoHo-Light.ttf */,
				C26E64FF265753EB001925FD /* KoHo-LightItalic.ttf */,
			);
			path = Fonts;
			sourceTree = "<group>";
		};
		C26E651F26577087001925FD /* Resources */ = {
			isa = PBXGroup;
			children = (
				C26E648F265740DE001925FD /* AppDelegate.swift */,
				C26E6491265740DE001925FD /* SceneDelegate.swift */,
				C2A8394C26581665006712C2 /* Extensions.swift */,
				C26E64CE26574D90001925FD /* QuizManager.swift */,
				C21C50502658748D00899066 /* DatabaseManager.swift */,
			);
			path = Resources;
			sourceTree = "<group>";
		};
		C26E65232657709B001925FD /* Controllers */ = {
			isa = PBXGroup;
			children = (
				C2A8394826580690006712C2 /* Login */,
				C26E64E726574FD0001925FD /* MenuVC.swift */,
				C2A8393E265805F7006712C2 /* ProfileVC.swift */,
				C26E64EC26574FE6001925FD /* ChatVC.swift */,
				C2A839282658058C006712C2 /* PhotoViewerVC.swift */,
				C2A83933265805AA006712C2 /* VideoPlayerVC.swift */,
				C26E6493265740DE001925FD /* QuizzesVC.swift */,
				C2A8394326580614006712C2 /* GameOverVC.swift */,
			);
			path = Controllers;
			sourceTree = "<group>";
		};
		C26E6527265770AB001925FD /* Models */ = {
			isa = PBXGroup;
			children = (
				C26E64C526574683001925FD /* Quizzes.swift */,
				C21C50582658792D00899066 /* User.swift */,
			);
			path = Models;
			sourceTree = "<group>";
		};
		C26E6528265770B6001925FD /* Views */ = {
			isa = PBXGroup;
			children = (
				C26E6495265740DE001925FD /* Main.storyboard */,
				C26E649D265740E2001925FD /* LaunchScreen.storyboard */,
			);
			path = Views;
			sourceTree = "<group>";
		};
		C2A8394826580690006712C2 /* Login */ = {
			isa = PBXGroup;
			children = (
				C2A8392326580561006712C2 /* RegisterVC.swift */,
				C2A8391826580541006712C2 /* LoginVC.swift */,
			);
			path = Login;
			sourceTree = "<group>";
		};
/* End PBXGroup section */

/* Begin PBXNativeTarget section */
		C26E648B265740DE001925FD /* QuizApp */ = {
			isa = PBXNativeTarget;
			buildConfigurationList = C26E64B9265740E2001925FD /* Build configuration list for PBXNativeTarget "QuizApp" */;
			buildPhases = (
				738A5F4A51864B08E854BDC9 /* [CP] Check Pods Manifest.lock */,
				C26E6488265740DE001925FD /* Sources */,
				C26E6489265740DE001925FD /* Frameworks */,
				C26E648A265740DE001925FD /* Resources */,
				409EB1E00C81CF66CAFA969C /* [CP] Embed Pods Frameworks */,
				6CE22CC972D2ABD5CDD1D372 /* [CP] Copy Pods Resources */,
			);
			buildRules = (
			);
			dependencies = (
			);
			name = QuizApp;
			productName = QuizApp;
			productReference = C26E648C265740DE001925FD /* QuizApp.app */;
			productType = "com.apple.product-type.application";
		};
		C26E64A4265740E2001925FD /* QuizAppTests */ = {
			isa = PBXNativeTarget;
			buildConfigurationList = C26E64BC265740E2001925FD /* Build configuration list for PBXNativeTarget "QuizAppTests" */;
			buildPhases = (
				46122AD8D62DA88E952FC215 /* [CP] Check Pods Manifest.lock */,
				C26E64A1265740E2001925FD /* Sources */,
				C26E64A2265740E2001925FD /* Frameworks */,
				C26E64A3265740E2001925FD /* Resources */,
			);
			buildRules = (
			);
			dependencies = (
				C26E64A7265740E2001925FD /* PBXTargetDependency */,
			);
			name = QuizAppTests;
			productName = QuizAppTests;
			productReference = C26E64A5265740E2001925FD /* QuizAppTests.xctest */;
			productType = "com.apple.product-type.bundle.unit-test";
		};
		C26E64AF265740E2001925FD /* QuizAppUITests */ = {
			isa = PBXNativeTarget;
			buildConfigurationList = C26E64BF265740E2001925FD /* Build configuration list for PBXNativeTarget "QuizAppUITests" */;
			buildPhases = (
				50847D460A01B3D917A943CA /* [CP] Check Pods Manifest.lock */,
				C26E64AC265740E2001925FD /* Sources */,
				C26E64AD265740E2001925FD /* Frameworks */,
				C26E64AE265740E2001925FD /* Resources */,
				29F8A73F7AEAAF80F33DBF89 /* [CP] Embed Pods Frameworks */,
				206613D592117A5F6628C9E4 /* [CP] Copy Pods Resources */,
			);
			buildRules = (
			);
			dependencies = (
				C26E64B2265740E2001925FD /* PBXTargetDependency */,
			);
			name = QuizAppUITests;
			productName = QuizAppUITests;
			productReference = C26E64B0265740E2001925FD /* QuizAppUITests.xctest */;
			productType = "com.apple.product-type.bundle.ui-testing";
		};
/* End PBXNativeTarget section */

/* Begin PBXProject section */
		C26E6484265740DD001925FD /* Project object */ = {
			isa = PBXProject;
			attributes = {
				LastSwiftUpdateCheck = 1240;
				LastUpgradeCheck = 1240;
				TargetAttributes = {
					C26E648B265740DE001925FD = {
						CreatedOnToolsVersion = 12.4;
					};
					C26E64A4265740E2001925FD = {
						CreatedOnToolsVersion = 12.4;
						TestTargetID = C26E648B265740DE001925FD;
					};
					C26E64AF265740E2001925FD = {
						CreatedOnToolsVersion = 12.4;
						TestTargetID = C26E648B265740DE001925FD;
					};
				};
			};
			buildConfigurationList = C26E6487265740DD001925FD /* Build configuration list for PBXProject "QuizApp" */;
			compatibilityVersion = "Xcode 9.3";
			developmentRegion = en;
			hasScannedForEncodings = 0;
			knownRegions = (
				en,
				Base,
			);
			mainGroup = C26E6483265740DD001925FD;
			productRefGroup = C26E648D265740DE001925FD /* Products */;
			projectDirPath = "";
			projectRoot = "";
			targets = (
				C26E648B265740DE001925FD /* QuizApp */,
				C26E64A4265740E2001925FD /* QuizAppTests */,
				C26E64AF265740E2001925FD /* QuizAppUITests */,
			);
		};
/* End PBXProject section */

/* Begin PBXResourcesBuildPhase section */
		C26E648A265740DE001925FD /* Resources */ = {
			isa = PBXResourcesBuildPhase;
			buildActionMask = 2147483647;
			files = (
				C26E6503265753EC001925FD /* KoHo-Light.ttf in Resources */,
				C26E6504265753EC001925FD /* KoHo-LightItalic.ttf in Resources */,
				C26E649F265740E2001925FD /* LaunchScreen.storyboard in Resources */,
				C26E649C265740E2001925FD /* Assets.xcassets in Resources */,
				C26E650C265753F5001925FD /* KoHo-Regular.ttf in Resources */,
				C26E6506265753EC001925FD /* KoHo-ExtraLight.ttf in Resources */,
				C26E6497265740DE001925FD /* Main.storyboard in Resources */,
				C21C50322658484700899066 /* GoogleService-Info.plist in Resources */,
				C26E6505265753EC001925FD /* KoHo-ExtraLightItalic.ttf in Resources */,
				C26E6507265753EC001925FD /* KoHo-Italic.ttf in Resources */,
			);
			runOnlyForDeploymentPostprocessing = 0;
		};
		C26E64A3265740E2001925FD /* Resources */ = {
			isa = PBXResourcesBuildPhase;
			buildActionMask = 2147483647;
			files = (
			);
			runOnlyForDeploymentPostprocessing = 0;
		};
		C26E64AE265740E2001925FD /* Resources */ = {
			isa = PBXResourcesBuildPhase;
			buildActionMask = 2147483647;
			files = (
			);
			runOnlyForDeploymentPostprocessing = 0;
		};
/* End PBXResourcesBuildPhase section */

/* Begin PBXShellScriptBuildPhase section */
		206613D592117A5F6628C9E4 /* [CP] Copy Pods Resources */ = {
			isa = PBXShellScriptBuildPhase;
			buildActionMask = 2147483647;
			files = (
			);
			inputFileListPaths = (
				"${PODS_ROOT}/Target Support Files/Pods-QuizApp-QuizAppUITests/Pods-QuizApp-QuizAppUITests-resources-${CONFIGURATION}-input-files.xcfilelist",
			);
			name = "[CP] Copy Pods Resources";
			outputFileListPaths = (
				"${PODS_ROOT}/Target Support Files/Pods-QuizApp-QuizAppUITests/Pods-QuizApp-QuizAppUITests-resources-${CONFIGURATION}-output-files.xcfilelist",
			);
			runOnlyForDeploymentPostprocessing = 0;
			shellPath = /bin/sh;
			shellScript = "\"${PODS_ROOT}/Target Support Files/Pods-QuizApp-QuizAppUITests/Pods-QuizApp-QuizAppUITests-resources.sh\"\n";
			showEnvVarsInLog = 0;
		};
		29F8A73F7AEAAF80F33DBF89 /* [CP] Embed Pods Frameworks */ = {
			isa = PBXShellScriptBuildPhase;
			buildActionMask = 2147483647;
			files = (
			);
			inputFileListPaths = (
				"${PODS_ROOT}/Target Support Files/Pods-QuizApp-QuizAppUITests/Pods-QuizApp-QuizAppUITests-frameworks-${CONFIGURATION}-input-files.xcfilelist",
			);
			name = "[CP] Embed Pods Frameworks";
			outputFileListPaths = (
				"${PODS_ROOT}/Target Support Files/Pods-QuizApp-QuizAppUITests/Pods-QuizApp-QuizAppUITests-frameworks-${CONFIGURATION}-output-files.xcfilelist",
			);
			runOnlyForDeploymentPostprocessing = 0;
			shellPath = /bin/sh;
			shellScript = "\"${PODS_ROOT}/Target Support Files/Pods-QuizApp-QuizAppUITests/Pods-QuizApp-QuizAppUITests-frameworks.sh\"\n";
			showEnvVarsInLog = 0;
		};
		409EB1E00C81CF66CAFA969C /* [CP] Embed Pods Frameworks */ = {
			isa = PBXShellScriptBuildPhase;
			buildActionMask = 2147483647;
			files = (
			);
			inputFileListPaths = (
				"${PODS_ROOT}/Target Support Files/Pods-QuizApp/Pods-QuizApp-frameworks-${CONFIGURATION}-input-files.xcfilelist",
			);
			name = "[CP] Embed Pods Frameworks";
			outputFileListPaths = (
				"${PODS_ROOT}/Target Support Files/Pods-QuizApp/Pods-QuizApp-frameworks-${CONFIGURATION}-output-files.xcfilelist",
			);
			runOnlyForDeploymentPostprocessing = 0;
			shellPath = /bin/sh;
			shellScript = "\"${PODS_ROOT}/Target Support Files/Pods-QuizApp/Pods-QuizApp-frameworks.sh\"\n";
			showEnvVarsInLog = 0;
		};
		46122AD8D62DA88E952FC215 /* [CP] Check Pods Manifest.lock */ = {
			isa = PBXShellScriptBuildPhase;
			buildActionMask = 2147483647;
			files = (
			);
			inputFileListPaths = (
			);
			inputPaths = (
				"${PODS_PODFILE_DIR_PATH}/Podfile.lock",
				"${PODS_ROOT}/Manifest.lock",
			);
			name = "[CP] Check Pods Manifest.lock";
			outputFileListPaths = (
			);
			outputPaths = (
				"$(DERIVED_FILE_DIR)/Pods-QuizAppTests-checkManifestLockResult.txt",
			);
			runOnlyForDeploymentPostprocessing = 0;
			shellPath = /bin/sh;
			shellScript = "diff \"${PODS_PODFILE_DIR_PATH}/Podfile.lock\" \"${PODS_ROOT}/Manifest.lock\" > /dev/null\nif [ $? != 0 ] ; then\n    # print error to STDERR\n    echo \"error: The sandbox is not in sync with the Podfile.lock. Run 'pod install' or update your CocoaPods installation.\" >&2\n    exit 1\nfi\n# This output is used by Xcode 'outputs' to avoid re-running this script phase.\necho \"SUCCESS\" > \"${SCRIPT_OUTPUT_FILE_0}\"\n";
			showEnvVarsInLog = 0;
		};
		50847D460A01B3D917A943CA /* [CP] Check Pods Manifest.lock */ = {
			isa = PBXShellScriptBuildPhase;
			buildActionMask = 2147483647;
			files = (
			);
			inputFileListPaths = (
			);
			inputPaths = (
				"${PODS_PODFILE_DIR_PATH}/Podfile.lock",
				"${PODS_ROOT}/Manifest.lock",
			);
			name = "[CP] Check Pods Manifest.lock";
			outputFileListPaths = (
			);
			outputPaths = (
				"$(DERIVED_FILE_DIR)/Pods-QuizApp-QuizAppUITests-checkManifestLockResult.txt",
			);
			runOnlyForDeploymentPostprocessing = 0;
			shellPath = /bin/sh;
			shellScript = "diff \"${PODS_PODFILE_DIR_PATH}/Podfile.lock\" \"${PODS_ROOT}/Manifest.lock\" > /dev/null\nif [ $? != 0 ] ; then\n    # print error to STDERR\n    echo \"error: The sandbox is not in sync with the Podfile.lock. Run 'pod install' or update your CocoaPods installation.\" >&2\n    exit 1\nfi\n# This output is used by Xcode 'outputs' to avoid re-running this script phase.\necho \"SUCCESS\" > \"${SCRIPT_OUTPUT_FILE_0}\"\n";
			showEnvVarsInLog = 0;
		};
		6CE22CC972D2ABD5CDD1D372 /* [CP] Copy Pods Resources */ = {
			isa = PBXShellScriptBuildPhase;
			buildActionMask = 2147483647;
			files = (
			);
			inputFileListPaths = (
				"${PODS_ROOT}/Target Support Files/Pods-QuizApp/Pods-QuizApp-resources-${CONFIGURATION}-input-files.xcfilelist",
			);
			name = "[CP] Copy Pods Resources";
			outputFileListPaths = (
				"${PODS_ROOT}/Target Support Files/Pods-QuizApp/Pods-QuizApp-resources-${CONFIGURATION}-output-files.xcfilelist",
			);
			runOnlyForDeploymentPostprocessing = 0;
			shellPath = /bin/sh;
			shellScript = "\"${PODS_ROOT}/Target Support Files/Pods-QuizApp/Pods-QuizApp-resources.sh\"\n";
			showEnvVarsInLog = 0;
		};
		738A5F4A51864B08E854BDC9 /* [CP] Check Pods Manifest.lock */ = {
			isa = PBXShellScriptBuildPhase;
			buildActionMask = 2147483647;
			files = (
			);
			inputFileListPaths = (
			);
			inputPaths = (
				"${PODS_PODFILE_DIR_PATH}/Podfile.lock",
				"${PODS_ROOT}/Manifest.lock",
			);
			name = "[CP] Check Pods Manifest.lock";
			outputFileListPaths = (
			);
			outputPaths = (
				"$(DERIVED_FILE_DIR)/Pods-QuizApp-checkManifestLockResult.txt",
			);
			runOnlyForDeploymentPostprocessing = 0;
			shellPath = /bin/sh;
			shellScript = "diff \"${PODS_PODFILE_DIR_PATH}/Podfile.lock\" \"${PODS_ROOT}/Manifest.lock\" > /dev/null\nif [ $? != 0 ] ; then\n    # print error to STDERR\n    echo \"error: The sandbox is not in sync with the Podfile.lock. Run 'pod install' or update your CocoaPods installation.\" >&2\n    exit 1\nfi\n# This output is used by Xcode 'outputs' to avoid re-running this script phase.\necho \"SUCCESS\" > \"${SCRIPT_OUTPUT_FILE_0}\"\n";
			showEnvVarsInLog = 0;
		};
/* End PBXShellScriptBuildPhase section */

/* Begin PBXSourcesBuildPhase section */
		C26E6488265740DE001925FD /* Sources */ = {
			isa = PBXSourcesBuildPhase;
			buildActionMask = 2147483647;
			files = (
				C21C50512658748D00899066 /* DatabaseManager.swift in Sources */,
				C2A8394426580614006712C2 /* GameOverVC.swift in Sources */,
				C26E6494265740DE001925FD /* QuizzesVC.swift in Sources */,
				C26E6490265740DE001925FD /* AppDelegate.swift in Sources */,
				C26E64ED26574FE6001925FD /* ChatVC.swift in Sources */,
				C26E64C626574683001925FD /* Quizzes.swift in Sources */,
				C26E64E826574FD1001925FD /* MenuVC.swift in Sources */,
				C21C50592658792D00899066 /* User.swift in Sources */,
				C2A8391926580541006712C2 /* LoginVC.swift in Sources */,
				C2A839292658058C006712C2 /* PhotoViewerVC.swift in Sources */,
				C26E649A265740DE001925FD /* QuizApp.xcdatamodeld in Sources */,
				C2A8393F265805F7006712C2 /* ProfileVC.swift in Sources */,
				C2A8394D26581665006712C2 /* Extensions.swift in Sources */,
				C26E64CF26574D90001925FD /* QuizManager.swift in Sources */,
				C26E6492265740DE001925FD /* SceneDelegate.swift in Sources */,
				C2A8392426580561006712C2 /* RegisterVC.swift in Sources */,
				C2A83934265805AA006712C2 /* VideoPlayerVC.swift in Sources */,
			);
			runOnlyForDeploymentPostprocessing = 0;
		};
		C26E64A1265740E2001925FD /* Sources */ = {
			isa = PBXSourcesBuildPhase;
			buildActionMask = 2147483647;
			files = (
				C26E64AA265740E2001925FD /* QuizAppTests.swift in Sources */,
			);
			runOnlyForDeploymentPostprocessing = 0;
		};
		C26E64AC265740E2001925FD /* Sources */ = {
			isa = PBXSourcesBuildPhase;
			buildActionMask = 2147483647;
			files = (
				C26E64B5265740E2001925FD /* QuizAppUITests.swift in Sources */,
			);
			runOnlyForDeploymentPostprocessing = 0;
		};
/* End PBXSourcesBuildPhase section */

/* Begin PBXTargetDependency section */
		C26E64A7265740E2001925FD /* PBXTargetDependency */ = {
			isa = PBXTargetDependency;
			target = C26E648B265740DE001925FD /* QuizApp */;
			targetProxy = C26E64A6265740E2001925FD /* PBXContainerItemProxy */;
		};
		C26E64B2265740E2001925FD /* PBXTargetDependency */ = {
			isa = PBXTargetDependency;
			target = C26E648B265740DE001925FD /* QuizApp */;
			targetProxy = C26E64B1265740E2001925FD /* PBXContainerItemProxy */;
		};
/* End PBXTargetDependency section */

/* Begin PBXVariantGroup section */
		C26E6495265740DE001925FD /* Main.storyboard */ = {
			isa = PBXVariantGroup;
			children = (
				C26E6496265740DE001925FD /* Base */,
			);
			name = Main.storyboard;
			sourceTree = "<group>";
		};
		C26E649D265740E2001925FD /* LaunchScreen.storyboard */ = {
			isa = PBXVariantGroup;
			children = (
				C26E649E265740E2001925FD /* Base */,
			);
			name = LaunchScreen.storyboard;
			sourceTree = "<group>";
		};
/* End PBXVariantGroup section */

/* Begin XCBuildConfiguration section */
		C26E64B7265740E2001925FD /* Debug */ = {
			isa = XCBuildConfiguration;
			buildSettings = {
				ALWAYS_SEARCH_USER_PATHS = NO;
				CLANG_ANALYZER_NONNULL = YES;
				CLANG_ANALYZER_NUMBER_OBJECT_CONVERSION = YES_AGGRESSIVE;
				CLANG_CXX_LANGUAGE_STANDARD = "gnu++14";
				CLANG_CXX_LIBRARY = "libc++";
				CLANG_ENABLE_MODULES = YES;
				CLANG_ENABLE_OBJC_ARC = YES;
				CLANG_ENABLE_OBJC_WEAK = YES;
				CLANG_WARN_BLOCK_CAPTURE_AUTORELEASING = YES;
				CLANG_WARN_BOOL_CONVERSION = YES;
				CLANG_WARN_COMMA = YES;
				CLANG_WARN_CONSTANT_CONVERSION = YES;
				CLANG_WARN_DEPRECATED_OBJC_IMPLEMENTATIONS = YES;
				CLANG_WARN_DIRECT_OBJC_ISA_USAGE = YES_ERROR;
				CLANG_WARN_DOCUMENTATION_COMMENTS = YES;
				CLANG_WARN_EMPTY_BODY = YES;
				CLANG_WARN_ENUM_CONVERSION = YES;
				CLANG_WARN_INFINITE_RECURSION = YES;
				CLANG_WARN_INT_CONVERSION = YES;
				CLANG_WARN_NON_LITERAL_NULL_CONVERSION = YES;
				CLANG_WARN_OBJC_IMPLICIT_RETAIN_SELF = YES;
				CLANG_WARN_OBJC_LITERAL_CONVERSION = YES;
				CLANG_WARN_OBJC_ROOT_CLASS = YES_ERROR;
				CLANG_WARN_QUOTED_INCLUDE_IN_FRAMEWORK_HEADER = YES;
				CLANG_WARN_RANGE_LOOP_ANALYSIS = YES;
				CLANG_WARN_STRICT_PROTOTYPES = YES;
				CLANG_WARN_SUSPICIOUS_MOVE = YES;
				CLANG_WARN_UNGUARDED_AVAILABILITY = YES_AGGRESSIVE;
				CLANG_WARN_UNREACHABLE_CODE = YES;
				CLANG_WARN__DUPLICATE_METHOD_MATCH = YES;
				COPY_PHASE_STRIP = NO;
				DEBUG_INFORMATION_FORMAT = dwarf;
				ENABLE_STRICT_OBJC_MSGSEND = YES;
				ENABLE_TESTABILITY = YES;
				GCC_C_LANGUAGE_STANDARD = gnu11;
				GCC_DYNAMIC_NO_PIC = NO;
				GCC_NO_COMMON_BLOCKS = YES;
				GCC_OPTIMIZATION_LEVEL = 0;
				GCC_PREPROCESSOR_DEFINITIONS = (
					"DEBUG=1",
					"$(inherited)",
				);
				GCC_WARN_64_TO_32_BIT_CONVERSION = YES;
				GCC_WARN_ABOUT_RETURN_TYPE = YES_ERROR;
				GCC_WARN_UNDECLARED_SELECTOR = YES;
				GCC_WARN_UNINITIALIZED_AUTOS = YES_AGGRESSIVE;
				GCC_WARN_UNUSED_FUNCTION = YES;
				GCC_WARN_UNUSED_VARIABLE = YES;
				IPHONEOS_DEPLOYMENT_TARGET = 14.4;
				MTL_ENABLE_DEBUG_INFO = INCLUDE_SOURCE;
				MTL_FAST_MATH = YES;
				ONLY_ACTIVE_ARCH = YES;
				SDKROOT = iphoneos;
				SWIFT_ACTIVE_COMPILATION_CONDITIONS = DEBUG;
				SWIFT_OPTIMIZATION_LEVEL = "-Onone";
			};
			name = Debug;
		};
		C26E64B8265740E2001925FD /* Release */ = {
			isa = XCBuildConfiguration;
			buildSettings = {
				ALWAYS_SEARCH_USER_PATHS = NO;
				CLANG_ANALYZER_NONNULL = YES;
				CLANG_ANALYZER_NUMBER_OBJECT_CONVERSION = YES_AGGRESSIVE;
				CLANG_CXX_LANGUAGE_STANDARD = "gnu++14";
				CLANG_CXX_LIBRARY = "libc++";
				CLANG_ENABLE_MODULES = YES;
				CLANG_ENABLE_OBJC_ARC = YES;
				CLANG_ENABLE_OBJC_WEAK = YES;
				CLANG_WARN_BLOCK_CAPTURE_AUTORELEASING = YES;
				CLANG_WARN_BOOL_CONVERSION = YES;
				CLANG_WARN_COMMA = YES;
				CLANG_WARN_CONSTANT_CONVERSION = YES;
				CLANG_WARN_DEPRECATED_OBJC_IMPLEMENTATIONS = YES;
				CLANG_WARN_DIRECT_OBJC_ISA_USAGE = YES_ERROR;
				CLANG_WARN_DOCUMENTATION_COMMENTS = YES;
				CLANG_WARN_EMPTY_BODY = YES;
				CLANG_WARN_ENUM_CONVERSION = YES;
				CLANG_WARN_INFINITE_RECURSION = YES;
				CLANG_WARN_INT_CONVERSION = YES;
				CLANG_WARN_NON_LITERAL_NULL_CONVERSION = YES;
				CLANG_WARN_OBJC_IMPLICIT_RETAIN_SELF = YES;
				CLANG_WARN_OBJC_LITERAL_CONVERSION = YES;
				CLANG_WARN_OBJC_ROOT_CLASS = YES_ERROR;
				CLANG_WARN_QUOTED_INCLUDE_IN_FRAMEWORK_HEADER = YES;
				CLANG_WARN_RANGE_LOOP_ANALYSIS = YES;
				CLANG_WARN_STRICT_PROTOTYPES = YES;
				CLANG_WARN_SUSPICIOUS_MOVE = YES;
				CLANG_WARN_UNGUARDED_AVAILABILITY = YES_AGGRESSIVE;
				CLANG_WARN_UNREACHABLE_CODE = YES;
				CLANG_WARN__DUPLICATE_METHOD_MATCH = YES;
				COPY_PHASE_STRIP = NO;
				DEBUG_INFORMATION_FORMAT = "dwarf-with-dsym";
				ENABLE_NS_ASSERTIONS = NO;
				ENABLE_STRICT_OBJC_MSGSEND = YES;
				GCC_C_LANGUAGE_STANDARD = gnu11;
				GCC_NO_COMMON_BLOCKS = YES;
				GCC_WARN_64_TO_32_BIT_CONVERSION = YES;
				GCC_WARN_ABOUT_RETURN_TYPE = YES_ERROR;
				GCC_WARN_UNDECLARED_SELECTOR = YES;
				GCC_WARN_UNINITIALIZED_AUTOS = YES_AGGRESSIVE;
				GCC_WARN_UNUSED_FUNCTION = YES;
				GCC_WARN_UNUSED_VARIABLE = YES;
				IPHONEOS_DEPLOYMENT_TARGET = 14.4;
				MTL_ENABLE_DEBUG_INFO = NO;
				MTL_FAST_MATH = YES;
				SDKROOT = iphoneos;
				SWIFT_COMPILATION_MODE = wholemodule;
				SWIFT_OPTIMIZATION_LEVEL = "-O";
				VALIDATE_PRODUCT = YES;
			};
			name = Release;
		};
		C26E64BA265740E2001925FD /* Debug */ = {
			isa = XCBuildConfiguration;
			baseConfigurationReference = 03ACA0B31F566F75A69AEFC8 /* Pods-QuizApp.debug.xcconfig */;
			buildSettings = {
				ASSETCATALOG_COMPILER_APPICON_NAME = AppIcon;
				ASSETCATALOG_COMPILER_GLOBAL_ACCENT_COLOR_NAME = AccentColor;
				CODE_SIGN_STYLE = Automatic;
				DEVELOPMENT_TEAM = 4LVL647LQT;
				INFOPLIST_FILE = QuizApp/Info.plist;
				IPHONEOS_DEPLOYMENT_TARGET = 14.4;
				LD_RUNPATH_SEARCH_PATHS = (
					"$(inherited)",
					"@executable_path/Frameworks",
				);
				PRODUCT_BUNDLE_IDENTIFIER = com.deenod.QuizApp;
				PRODUCT_NAME = "$(TARGET_NAME)";
				SWIFT_VERSION = 5.0;
				TARGETED_DEVICE_FAMILY = "1,2";
			};
			name = Debug;
		};
		C26E64BB265740E2001925FD /* Release */ = {
			isa = XCBuildConfiguration;
			baseConfigurationReference = 285295BD4AB92671F2F3D2A0 /* Pods-QuizApp.release.xcconfig */;
			buildSettings = {
				ASSETCATALOG_COMPILER_APPICON_NAME = AppIcon;
				ASSETCATALOG_COMPILER_GLOBAL_ACCENT_COLOR_NAME = AccentColor;
				CODE_SIGN_STYLE = Automatic;
				DEVELOPMENT_TEAM = 4LVL647LQT;
				INFOPLIST_FILE = QuizApp/Info.plist;
				IPHONEOS_DEPLOYMENT_TARGET = 14.4;
				LD_RUNPATH_SEARCH_PATHS = (
					"$(inherited)",
					"@executable_path/Frameworks",
				);
				PRODUCT_BUNDLE_IDENTIFIER = com.deenod.QuizApp;
				PRODUCT_NAME = "$(TARGET_NAME)";
				SWIFT_VERSION = 5.0;
				TARGETED_DEVICE_FAMILY = "1,2";
			};
			name = Release;
		};
		C26E64BD265740E2001925FD /* Debug */ = {
			isa = XCBuildConfiguration;
			baseConfigurationReference = 8A18AD3AEDC2718476D6DF15 /* Pods-QuizAppTests.debug.xcconfig */;
			buildSettings = {
				ALWAYS_EMBED_SWIFT_STANDARD_LIBRARIES = YES;
				BUNDLE_LOADER = "$(TEST_HOST)";
				CODE_SIGN_STYLE = Automatic;
				DEVELOPMENT_TEAM = 4LVL647LQT;
				INFOPLIST_FILE = QuizAppTests/Info.plist;
				IPHONEOS_DEPLOYMENT_TARGET = 14.4;
				LD_RUNPATH_SEARCH_PATHS = (
					"$(inherited)",
					"@executable_path/Frameworks",
					"@loader_path/Frameworks",
				);
				PRODUCT_BUNDLE_IDENTIFIER = com.deenod.QuizAppTests;
				PRODUCT_NAME = "$(TARGET_NAME)";
				SWIFT_VERSION = 5.0;
				TARGETED_DEVICE_FAMILY = "1,2";
				TEST_HOST = "$(BUILT_PRODUCTS_DIR)/QuizApp.app/QuizApp";
			};
			name = Debug;
		};
		C26E64BE265740E2001925FD /* Release */ = {
			isa = XCBuildConfiguration;
			baseConfigurationReference = B7A06EE13C32E7E87BE3D1CE /* Pods-QuizAppTests.release.xcconfig */;
			buildSettings = {
				ALWAYS_EMBED_SWIFT_STANDARD_LIBRARIES = YES;
				BUNDLE_LOADER = "$(TEST_HOST)";
				CODE_SIGN_STYLE = Automatic;
				DEVELOPMENT_TEAM = 4LVL647LQT;
				INFOPLIST_FILE = QuizAppTests/Info.plist;
				IPHONEOS_DEPLOYMENT_TARGET = 14.4;
				LD_RUNPATH_SEARCH_PATHS = (
					"$(inherited)",
					"@executable_path/Frameworks",
					"@loader_path/Frameworks",
				);
				PRODUCT_BUNDLE_IDENTIFIER = com.deenod.QuizAppTests;
				PRODUCT_NAME = "$(TARGET_NAME)";
				SWIFT_VERSION = 5.0;
				TARGETED_DEVICE_FAMILY = "1,2";
				TEST_HOST = "$(BUILT_PRODUCTS_DIR)/QuizApp.app/QuizApp";
			};
			name = Release;
		};
		C26E64C0265740E2001925FD /* Debug */ = {
			isa = XCBuildConfiguration;
			baseConfigurationReference = E1D8D66B0F45DCBC9BA735E4 /* Pods-QuizApp-QuizAppUITests.debug.xcconfig */;
			buildSettings = {
				ALWAYS_EMBED_SWIFT_STANDARD_LIBRARIES = YES;
				CODE_SIGN_STYLE = Automatic;
				DEVELOPMENT_TEAM = 4LVL647LQT;
				INFOPLIST_FILE = QuizAppUITests/Info.plist;
				LD_RUNPATH_SEARCH_PATHS = (
					"$(inherited)",
					"@executable_path/Frameworks",
					"@loader_path/Frameworks",
				);
				PRODUCT_BUNDLE_IDENTIFIER = com.deenod.QuizAppUITests;
				PRODUCT_NAME = "$(TARGET_NAME)";
				SWIFT_VERSION = 5.0;
				TARGETED_DEVICE_FAMILY = "1,2";
				TEST_TARGET_NAME = QuizApp;
			};
			name = Debug;
		};
		C26E64C1265740E2001925FD /* Release */ = {
			isa = XCBuildConfiguration;
			baseConfigurationReference = 952E4BEB63E17F03B726E65E /* Pods-QuizApp-QuizAppUITests.release.xcconfig */;
			buildSettings = {
				ALWAYS_EMBED_SWIFT_STANDARD_LIBRARIES = YES;
				CODE_SIGN_STYLE = Automatic;
				DEVELOPMENT_TEAM = 4LVL647LQT;
				INFOPLIST_FILE = QuizAppUITests/Info.plist;
				LD_RUNPATH_SEARCH_PATHS = (
					"$(inherited)",
					"@executable_path/Frameworks",
					"@loader_path/Frameworks",
				);
				PRODUCT_BUNDLE_IDENTIFIER = com.deenod.QuizAppUITests;
				PRODUCT_NAME = "$(TARGET_NAME)";
				SWIFT_VERSION = 5.0;
				TARGETED_DEVICE_FAMILY = "1,2";
				TEST_TARGET_NAME = QuizApp;
			};
			name = Release;
		};
/* End XCBuildConfiguration section */

/* Begin XCConfigurationList section */
		C26E6487265740DD001925FD /* Build configuration list for PBXProject "QuizApp" */ = {
			isa = XCConfigurationList;
			buildConfigurations = (
				C26E64B7265740E2001925FD /* Debug */,
				C26E64B8265740E2001925FD /* Release */,
			);
			defaultConfigurationIsVisible = 0;
			defaultConfigurationName = Release;
		};
		C26E64B9265740E2001925FD /* Build configuration list for PBXNativeTarget "QuizApp" */ = {
			isa = XCConfigurationList;
			buildConfigurations = (
				C26E64BA265740E2001925FD /* Debug */,
				C26E64BB265740E2001925FD /* Release */,
			);
			defaultConfigurationIsVisible = 0;
			defaultConfigurationName = Release;
		};
		C26E64BC265740E2001925FD /* Build configuration list for PBXNativeTarget "QuizAppTests" */ = {
			isa = XCConfigurationList;
			buildConfigurations = (
				C26E64BD265740E2001925FD /* Debug */,
				C26E64BE265740E2001925FD /* Release */,
			);
			defaultConfigurationIsVisible = 0;
			defaultConfigurationName = Release;
		};
		C26E64BF265740E2001925FD /* Build configuration list for PBXNativeTarget "QuizAppUITests" */ = {
			isa = XCConfigurationList;
			buildConfigurations = (
				C26E64C0265740E2001925FD /* Debug */,
				C26E64C1265740E2001925FD /* Release */,
			);
			defaultConfigurationIsVisible = 0;
			defaultConfigurationName = Release;
		};
/* End XCConfigurationList section */

/* Begin XCVersionGroup section */
		C26E6498265740DE001925FD /* QuizApp.xcdatamodeld */ = {
			isa = XCVersionGroup;
			children = (
				C26E6499265740DE001925FD /* QuizApp.xcdatamodel */,
			);
			currentVersion = C26E6499265740DE001925FD /* QuizApp.xcdatamodel */;
			path = QuizApp.xcdatamodeld;
			sourceTree = "<group>";
			versionGroupType = wrapper.xcdatamodel;
		};
/* End XCVersionGroup section */
	};
	rootObject = C26E6484265740DD001925FD /* Project object */;
}
